{
  "name": "signedcookiecreator",
  "version": "1.0.0",
  "lockfileVersion": 3,
  "requires": true,
  "packages": {
    "": {
      "name": "signedcookiecreator",
      "version": "1.0.0",
      "license": "ISC",
      "dependencies": {
        "@aws-sdk/cloudfront-signer": "^3.804.0"
      }
    },
    "node_modules/@aws-sdk/cloudfront-signer": {
      "version": "3.804.0",
      "resolved": "https://registry.npmjs.org/@aws-sdk/cloudfront-signer/-/cloudfront-signer-3.804.0.tgz",
      "integrity": "sha512-nVsmI7SFPEaoE+dniPQwu9GsjK259r6W0yGozssomnYGkSR8F/LZgF2WDZMo97FUaQHuYji55l9VbuIyq5+oow==",
      "license": "Apache-2.0",
      "dependencies": {
        "@smithy/url-parser": "^4.0.2",
        "tslib": "^2.6.2"
      },
      "engines": {
        "node": ">=18.0.0"
      }
    },
    "node_modules/@smithy/querystring-parser": {
      "version": "4.0.2",
      "resolved": "https://registry.npmjs.org/@smithy/querystring-parser/-/querystring-parser-4.0.2.tgz",
      "integrity": "sha512-v6w8wnmZcVXjfVLjxw8qF7OwESD9wnpjp0Dqry/Pod0/5vcEA3qxCr+BhbOHlxS8O+29eLpT3aagxXGwIoEk7Q==",
      "license": "Apache-2.0",
      "dependencies": {
        "@smithy/types": "^4.2.0",
        "tslib": "^2.6.2"
      },
      "engines": {
        "node": ">=18.0.0"
      }
    },
    "node_modules/@smithy/types": {
      "version": "4.2.0",
      "resolved": "https://registry.npmjs.org/@smithy/types/-/types-4.2.0.tgz",
      "integrity": "sha512-7eMk09zQKCO+E/ivsjQv+fDlOupcFUCSC/L2YUPgwhvowVGWbPQHjEFcmjt7QQ4ra5lyowS92SV53Zc6XD4+fg==",
      "license": "Apache-2.0",
      "dependencies": {
        "tslib": "^2.6.2"
      },
      "engines": {
        "node": ">=18.0.0"
      }
    },
    "node_modules/@smithy/url-parser": {
      "version": "4.0.2",
      "resolved": "https://registry.npmjs.org/@smithy/url-parser/-/url-parser-4.0.2.tgz",
      "integrity": "sha512-Bm8n3j2ScqnT+kJaClSVCMeiSenK6jVAzZCNewsYWuZtnBehEz4r2qP0riZySZVfzB+03XZHJeqfmJDkeeSLiQ==",
      "license": "Apache-2.0",
      "dependencies": {
        "@smithy/querystring-parser": "^4.0.2",
        "@smithy/types": "^4.2.0",
        "tslib": "^2.6.2"
      },
      "engines": {
        "node": ">=18.0.0"
      }
    },
    "node_modules/tslib": {
      "version": "2.8.1",
      "resolved": "https://registry.npmjs.org/tslib/-/tslib-2.8.1.tgz",
      "integrity": "sha512-oJFu94HQb+KVduSUQL7wnpmqnfmLsOA/nAh6b6EH0wCEoK0/mPeXU6c3wKDV83MkOuHPRHtSXKKU99IBazS/2w==",
      "license": "0BSD"
    }
  }
}
